// !$*UTF8*$!
{
	archiveVersion = 1;
	classes = {
	};
	objectVersion = 77;
	objects = {

/* Begin PBXBuildFile section */
		FD0479872FE021A500361C0A /* AppDelegate.swift in Sources */ = {isa = PBXBuildFile; fileRef = FD0479862FE021A500361C0A /* AppDelegate.swift */; };
		FD04798B2FE021A500361C0A /* Main.html in Resources */ = {isa = PBXBuildFile; fileRef = FD0479892FE021A500361C0A /* Main.html */; };
		FD04798D2FE021A500361C0A /* Icon.png in Resources */ = {isa = PBXBuildFile; fileRef = FD04798C2FE021A500361C0A /* Icon.png */; };
		FD04798F2FE021A500361C0A /* Style.css in Resources */ = {isa = PBXBuildFile; fileRef = FD04798E2FE021A500361C0A /* Style.css */; };
		FD0479912FE021A500361C0A /* Script.js in Resources */ = {isa = PBXBuildFile; fileRef = FD0479902FE021A500361C0A /* Script.js */; };
		FD0479932FE021A500361C0A /* ViewController.swift in Sources */ = {isa = PBXBuildFile; fileRef = FD0479922FE021A500361C0A /* ViewController.swift */; };
		FD0479962FE021A500361C0A /* Main.storyboard in Resources */ = {isa = PBXBuildFile; fileRef = FD0479942FE021A500361C0A /* Main.storyboard */; };
		FD0479982FE021A500361C0A /* Assets.xcassets in Resources */ = {isa = PBXBuildFile; fileRef = FD0479972FE021A500361C0A /* Assets.xcassets */; };
		FD04799F2FE021A500361C0A /* Pinmark Extension.appex in Embed Foundation Extensions */ = {isa = PBXBuildFile; fileRef = FD04799E2FE021A500361C0A /* Pinmark Extension.appex */; settings = {ATTRIBUTES = (RemoveHeadersOnCopy, ); }; };
		FD0479A42FE021A500361C0A /* SafariWebExtensionHandler.swift in Sources */ = {isa = PBXBuildFile; fileRef = FD0479A32FE021A500361C0A /* SafariWebExtensionHandler.swift */; };
		FD0479B52FE021A600361C0A /* background in Resources */ = {isa = PBXBuildFile; fileRef = FD0479B02FE021A600361C0A /* background */; };
		FD0479B62FE021A600361C0A /* popup in Resources */ = {isa = PBXBuildFile; fileRef = FD0479B12FE021A600361C0A /* popup */; };
		FD0479B72FE021A600361C0A /* icons in Resources */ = {isa = PBXBuildFile; fileRef = FD0479B22FE021A600361C0A /* icons */; };
		FD0479B82FE021A600361C0A /* manifest.json in Resources */ = {isa = PBXBuildFile; fileRef = FD0479B32FE021A600361C0A /* manifest.json */; };
		FD0479B92FE021A600361C0A /* lib in Resources */ = {isa = PBXBuildFile; fileRef = FD0479B42FE021A600361C0A /* lib */; };
/* End PBXBuildFile section */

/* Begin PBXContainerItemProxy section */
		FD0479A02FE021A500361C0A /* PBXContainerItemProxy */ = {
			isa = PBXContainerItemProxy;
			containerPortal = FD04797B2FE021A500361C0A /* Project object */;
			proxyType = 1;
			remoteGlobalIDString = FD04799D2FE021A500361C0A;
			remoteInfo = "Pinmark Extension";
		};
/* End PBXContainerItemProxy section */

/* Begin PBXCopyFilesBuildPhase section */
		FD0479AB2FE021A500361C0A /* Embed Foundation Extensions */ = {
			isa = PBXCopyFilesBuildPhase;
			buildActionMask = 2147483647;
			dstPath = "";
			dstSubfolderSpec = 13;
			files = (
				FD04799F2FE021A500361C0A /* Pinmark Extension.appex in Embed Foundation Extensions */,
			);
			name = "Embed Foundation Extensions";
			runOnlyForDeploymentPostprocessing = 0;
		};
/* End PBXCopyFilesBuildPhase section */

/* Begin PBXFileReference section */
		FD0479832FE021A500361C0A /* Pinmark.app */ = {isa = PBXFileReference; explicitFileType = wrapper.application; includeInIndex = 0; path = Pinmark.app; sourceTree = BUILT_PRODUCTS_DIR; };
		FD0479862FE021A500361C0A /* AppDelegate.swift */ = {isa = PBXFileReference; lastKnownFileType = sourcecode.swift; path = AppDelegate.swift; sourceTree = "<group>"; };
		FD04798A2FE021A500361C0A /* Base */ = {isa = PBXFileReference; lastKnownFileType = text.html; name = Base; path = Base.lproj/Main.html; sourceTree = "<group>"; };
		FD04798C2FE021A500361C0A /* Icon.png */ = {isa = PBXFileReference; lastKnownFileType = image.png; path = Icon.png; sourceTree = "<group>"; };
		FD04798E2FE021A500361C0A /* Style.css */ = {isa = PBXFileReference; lastKnownFileType = text.css; path = Style.css; sourceTree = "<group>"; };
		FD0479902FE021A500361C0A /* Script.js */ = {isa = PBXFileReference; lastKnownFileType = sourcecode.javascript; path = Script.js; sourceTree = "<group>"; };
		FD0479922FE021A500361C0A /* ViewController.swift */ = {isa = PBXFileReference; lastKnownFileType = sourcecode.swift; path = ViewController.swift; sourceTree = "<group>"; };
		FD0479952FE021A500361C0A /* Base */ = {isa = PBXFileReference; lastKnownFileType = file.storyboard; name = Base; path = Base.lproj/Main.storyboard; sourceTree = "<group>"; };
		FD0479972FE021A500361C0A /* Assets.xcassets */ = {isa = PBXFileReference; lastKnownFileType = folder.assetcatalog; path = Assets.xcassets; sourceTree = "<group>"; };
		FD0479992FE021A500361C0A /* Info.plist */ = {isa = PBXFileReference; lastKnownFileType = text.plist.xml; path = Info.plist; sourceTree = "<group>"; };
		FD04799E2FE021A500361C0A /* Pinmark Extension.appex */ = {isa = PBXFileReference; explicitFileType = "wrapper.app-extension"; includeInIndex = 0; path = "Pinmark Extension.appex"; sourceTree = BUILT_PRODUCTS_DIR; };
		FD0479A32FE021A500361C0A /* SafariWebExtensionHandler.swift */ = {isa = PBXFileReference; lastKnownFileType = sourcecode.swift; path = SafariWebExtensionHandler.swift; sourceTree = "<group>"; };
		FD0479A52FE021A500361C0A /* Info.plist */ = {isa = PBXFileReference; lastKnownFileType = text.plist.xml; path = Info.plist; sourceTree = "<group>"; };
		FD0479B02FE021A600361C0A /* background */ = {isa = PBXFileReference; lastKnownFileType = folder; name = background; path = ../../../src/background; sourceTree = "<group>"; };
		FD0479B12FE021A600361C0A /* popup */ = {isa = PBXFileReference; lastKnownFileType = folder; name = popup; path = ../../../src/popup; sourceTree = "<group>"; };
		FD0479B22FE021A600361C0A /* icons */ = {isa = PBXFileReference; lastKnownFileType = folder; name = icons; path = ../../../src/icons; sourceTree = "<group>"; };
		FD0479B32FE021A600361C0A /* manifest.json */ = {isa = PBXFileReference; lastKnownFileType = text.json; name = manifest.json; path = ../../../src/manifest.json; sourceTree = "<group>"; };
		FD0479B42FE021A600361C0A /* lib */ = {isa = PBXFileReference; lastKnownFileType = folder; name = lib; path = ../../../src/lib; sourceTree = "<group>"; };
/* End PBXFileReference section */

/* Begin PBXFrameworksBuildPhase section */
		FD0479802FE021A500361C0A /* Frameworks */ = {
			isa = PBXFrameworksBuildPhase;
			buildActionMask = 2147483647;
			files = (
			);
			runOnlyForDeploymentPostprocessing = 0;
		};
		FD04799B2FE021A500361C0A /* Frameworks */ = {
			isa = PBXFrameworksBuildPhase;
			buildActionMask = 2147483647;
			files = (
			);
			runOnlyForDeploymentPostprocessing = 0;
		};
/* End PBXFrameworksBuildPhase section */

/* Begin PBXGroup section */
		FD04797A2FE021A500361C0A = {
			isa = PBXGroup;
			children = (
				FD0479852FE021A500361C0A /* Pinmark */,
				FD0479A22FE021A500361C0A /* Pinmark Extension */,
				FD0479842FE021A500361C0A /* Products */,
			);
			sourceTree = "<group>";
		};
		FD0479842FE021A500361C0A /* Products */ = {
			isa = PBXGroup;
			children = (
				FD0479832FE021A500361C0A /* Pinmark.app */,
				FD04799E2FE021A500361C0A /* Pinmark Extension.appex */,
			);
			name = Products;
			sourceTree = "<group>";
		};
		FD0479852FE021A500361C0A /* Pinmark */ = {
			isa = PBXGroup;
			children = (
				FD0479862FE021A500361C0A /* AppDelegate.swift */,
				FD0479922FE021A500361C0A /* ViewController.swift */,
				FD0479942FE021A500361C0A /* Main.storyboard */,
				FD0479972FE021A500361C0A /* Assets.xcassets */,
				FD0479992FE021A500361C0A /* Info.plist */,
				FD0479882FE021A500361C0A /* Resources */,
			);
			path = Pinmark;
			sourceTree = "<group>";
		};
		FD0479882FE021A500361C0A /* Resources */ = {
			isa = PBXGroup;
			children = (
				FD0479892FE021A500361C0A /* Main.html */,
				FD04798C2FE021A500361C0A /* Icon.png */,
				FD04798E2FE021A500361C0A /* Style.css */,
				FD0479902FE021A500361C0A /* Script.js */,
			);
			path = Resources;
			sourceTree = "<group>";
		};
		FD0479A22FE021A500361C0A /* Pinmark Extension */ = {
			isa = PBXGroup;
			children = (
				FD0479AF2FE021A600361C0A /* Resources */,
				FD0479A32FE021A500361C0A /* SafariWebExtensionHandler.swift */,
				FD0479A52FE021A500361C0A /* Info.plist */,
			);
			path = "Pinmark Extension";
			sourceTree = "<group>";
		};
		FD0479AF2FE021A600361C0A /* Resources */ = {
			isa = PBXGroup;
			children = (
				FD0479B02FE021A600361C0A /* background */,
				FD0479B12FE021A600361C0A /* popup */,
				FD0479B22FE021A600361C0A /* icons */,
				FD0479B32FE021A600361C0A /* manifest.json */,
				FD0479B42FE021A600361C0A /* lib */,
			);
			name = Resources;
			path = "Pinmark Extension";
			sourceTree = SOURCE_ROOT;
		};
/* End PBXGroup section */

/* Begin PBXNativeTarget section */
		FD0479822FE021A500361C0A /* Pinmark */ = {
			isa = PBXNativeTarget;
			buildConfigurationList = FD0479AC2FE021A500361C0A /* Build configuration list for PBXNativeTarget "Pinmark" */;
			buildPhases = (
				FD04797F2FE021A500361C0A /* Sources */,
				FD0479802FE021A500361C0A /* Frameworks */,
				FD0479812FE021A500361C0A /* Resources */,
				FD0479AB2FE021A500361C0A /* Embed Foundation Extensions */,
			);
			buildRules = (
			);
			dependencies = (
				FD0479A12FE021A500361C0A /* PBXTargetDependency */,
			);
			name = Pinmark;
			packageProductDependencies = (
			);
			productName = Pinmark;
			productReference = FD0479832FE021A500361C0A /* Pinmark.app */;
			productType = "com.apple.product-type.application";
		};
		FD04799D2FE021A500361C0A /* Pinmark Extension */ = {
			isa = PBXNativeTarget;
			buildConfigurationList = FD0479A82FE021A500361C0A /* Build configuration list for PBXNativeTarget "Pinmark Extension" */;
			buildPhases = (
				FD04799A2FE021A500361C0A /* Sources */,
				FD04799B2FE021A500361C0A /* Frameworks */,
				FD04799C2FE021A500361C0A /* Resources */,
			);
			buildRules = (
			);
			dependencies = (
			);
			name = "Pinmark Extension";
			packageProductDependencies = (
			);
			productName = "Pinmark Extension";
			productReference = FD04799E2FE021A500361C0A /* Pinmark Extension.appex */;
			productType = "com.apple.product-type.app-extension";
		};
/* End PBXNativeTarget section */

/* Begin PBXProject section */
		FD04797B2FE021A500361C0A /* Project object */ = {
			isa = PBXProject;
			attributes = {
				BuildIndependentTargetsInParallel = 1;
				LastSwiftUpdateCheck = 2650;
				LastUpgradeCheck = 2650;
				TargetAttributes = {
					FD0479822FE021A500361C0A = {
						CreatedOnToolsVersion = 26.5;
					};
					FD04799D2FE021A500361C0A = {
						CreatedOnToolsVersion = 26.5;
					};
				};
			};
			buildConfigurationList = FD04797E2FE021A500361C0A /* Build configuration list for PBXProject "Pinmark" */;
			developmentRegion = en;
			hasScannedForEncodings = 0;
			knownRegions = (
				en,
				Base,
			);
			mainGroup = FD04797A2FE021A500361C0A;
			minimizedProjectReferenceProxies = 1;
			preferredProjectObjectVersion = 77;
			productRefGroup = FD0479842FE021A500361C0A /* Products */;
			projectDirPath = "";
			projectRoot = "";
			targets = (
				FD0479822FE021A500361C0A /* Pinmark */,
				FD04799D2FE021A500361C0A /* Pinmark Extension */,
			);
		};
/* End PBXProject section */

/* Begin PBXResourcesBuildPhase section */
		FD0479812FE021A500361C0A /* Resources */ = {
			isa = PBXResourcesBuildPhase;
			buildActionMask = 2147483647;
			files = (
				FD04798D2FE021A500361C0A /* Icon.png in Resources */,
				FD0479962FE021A500361C0A /* Main.storyboard in Resources */,
				FD0479912FE021A500361C0A /* Script.js in Resources */,
				FD04798B2FE021A500361C0A /* Main.html in Resources */,
				FD0479982FE021A500361C0A /* Assets.xcassets in Resources */,
				FD04798F2FE021A500361C0A /* Style.css in Resources */,
			);
			runOnlyForDeploymentPostprocessing = 0;
		};
		FD04799C2FE021A500361C0A /* Resources */ = {
			isa = PBXResourcesBuildPhase;
			buildActionMask = 2147483647;
			files = (
				FD0479B82FE021A600361C0A /* manifest.json in Resources */,
				FD0479B92FE021A600361C0A /* lib in Resources */,
				FD0479B72FE021A600361C0A /* icons in Resources */,
				FD0479B52FE021A600361C0A /* background in Resources */,
				FD0479B62FE021A600361C0A /* popup in Resources */,
			);
			runOnlyForDeploymentPostprocessing = 0;
		};
/* End PBXResourcesBuildPhase section */

/* Begin PBXSourcesBuildPhase section */
		FD04797F2FE021A500361C0A /* Sources */ = {
			isa = PBXSourcesBuildPhase;
			buildActionMask = 2147483647;
			files = (
				FD0479932FE021A500361C0A /* ViewController.swift in Sources */,
				FD0479872FE021A500361C0A /* AppDelegate.swift in Sources */,
			);
			runOnlyForDeploymentPostprocessing = 0;
		};
		FD04799A2FE021A500361C0A /* Sources */ = {
			isa = PBXSourcesBuildPhase;
			buildActionMask = 2147483647;
			files = (
				FD0479A42FE021A500361C0A /* SafariWebExtensionHandler.swift in Sources */,
			);
			runOnlyForDeploymentPostprocessing = 0;
		};
/* End PBXSourcesBuildPhase section */

/* Begin PBXTargetDependency section */
		FD0479A12FE021A500361C0A /* PBXTargetDependency */ = {
			isa = PBXTargetDependency;
			target = FD04799D2FE021A500361C0A /* Pinmark Extension */;
			targetProxy = FD0479A02FE021A500361C0A /* PBXContainerItemProxy */;
		};
/* End PBXTargetDependency section */

/* Begin PBXVariantGroup section */
		FD0479892FE021A500361C0A /* Main.html */ = {
			isa = PBXVariantGroup;
			children = (
				FD04798A2FE021A500361C0A /* Base */,
			);
			name = Main.html;
			sourceTree = "<group>";
		};
		FD0479942FE021A500361C0A /* Main.storyboard */ = {
			isa = PBXVariantGroup;
			children = (
				FD0479952FE021A500361C0A /* Base */,
			);
			name = Main.storyboard;
			sourceTree = "<group>";
		};
/* End PBXVariantGroup section */

/* Begin XCBuildConfiguration section */
		FD0479A62FE021A500361C0A /* Debug */ = {
			isa = XCBuildConfiguration;
			buildSettings = {
				ALWAYS_SEARCH_USER_PATHS = NO;
				ASSETCATALOG_COMPILER_GENERATE_SWIFT_ASSET_SYMBOL_EXTENSIONS = YES;
				CLANG_ANALYZER_NONNULL = YES;
				CLANG_ANALYZER_NUMBER_OBJECT_CONVERSION = YES_AGGRESSIVE;
				CLANG_CXX_LANGUAGE_STANDARD = "gnu++20";
				CLANG_ENABLE_MODULES = YES;
				CLANG_ENABLE_OBJC_ARC = YES;
				CLANG_ENABLE_OBJC_WEAK = YES;
				CLANG_WARN_BLOCK_CAPTURE_AUTORELEASING = YES;
				CLANG_WARN_BOOL_CONVERSION = YES;
				CLANG_WARN_COMMA = YES;
				CLANG_WARN_CONSTANT_CONVERSION = YES;
				CLANG_WARN_DEPRECATED_OBJC_IMPLEMENTATIONS = YES;
				CLANG_WARN_DIRECT_OBJC_ISA_USAGE = YES_ERROR;
				CLANG_WARN_DOCUMENTATION_COMMENTS = YES;
				CLANG_WARN_EMPTY_BODY = YES;
				CLANG_WARN_ENUM_CONVERSION = YES;
				CLANG_WARN_INFINITE_RECURSION = YES;
				CLANG_WARN_INT_CONVERSION = YES;
				CLANG_WARN_NON_LITERAL_NULL_CONVERSION = YES;
				CLANG_WARN_OBJC_IMPLICIT_RETAIN_SELF = YES;
				CLANG_WARN_OBJC_LITERAL_CONVERSION = YES;
				CLANG_WARN_OBJC_ROOT_CLASS = YES_ERROR;
				CLANG_WARN_QUOTED_INCLUDE_IN_FRAMEWORK_HEADER = YES;
				CLANG_WARN_RANGE_LOOP_ANALYSIS = YES;
				CLANG_WARN_STRICT_PROTOTYPES = YES;
				CLANG_WARN_SUSPICIOUS_MOVE = YES;
				CLANG_WARN_UNGUARDED_AVAILABILITY = YES_AGGRESSIVE;
				CLANG_WARN_UNREACHABLE_CODE = YES;
				CLANG_WARN__DUPLICATE_METHOD_MATCH = YES;
				COPY_PHASE_STRIP = NO;
				DEBUG_INFORMATION_FORMAT = dwarf;
				ENABLE_STRICT_OBJC_MSGSEND = YES;
				ENABLE_TESTABILITY = YES;
				ENABLE_USER_SCRIPT_SANDBOXING = YES;
				GCC_C_LANGUAGE_STANDARD = gnu17;
				GCC_DYNAMIC_NO_PIC = NO;
				GCC_NO_COMMON_BLOCKS = YES;
				GCC_OPTIMIZATION_LEVEL = 0;
				GCC_PREPROCESSOR_DEFINITIONS = (
					"DEBUG=1",
					"$(inherited)",
				);
				GCC_WARN_64_TO_32_BIT_CONVERSION = YES;
				GCC_WARN_ABOUT_RETURN_TYPE = YES_ERROR;
				GCC_WARN_UNDECLARED_SELECTOR = YES;
				GCC_WARN_UNINITIALIZED_AUTOS = YES_AGGRESSIVE;
				GCC_WARN_UNUSED_FUNCTION = YES;
				GCC_WARN_UNUSED_VARIABLE = YES;
				LOCALIZATION_PREFERS_STRING_CATALOGS = YES;
				MACOSX_DEPLOYMENT_TARGET = 26.5;
				MTL_ENABLE_DEBUG_INFO = INCLUDE_SOURCE;
				MTL_FAST_MATH = YES;
				ONLY_ACTIVE_ARCH = YES;
				SDKROOT = macosx;
				SWIFT_ACTIVE_COMPILATION_CONDITIONS = "DEBUG $(inherited)";
				SWIFT_OPTIMIZATION_LEVEL = "-Onone";
			};
			name = Debug;
		};
		FD0479A72FE021A500361C0A /* Release */ = {
			isa = XCBuildConfiguration;
			buildSettings = {
				ALWAYS_SEARCH_USER_PATHS = NO;
				ASSETCATALOG_COMPILER_GENERATE_SWIFT_ASSET_SYMBOL_EXTENSIONS = YES;
				CLANG_ANALYZER_NONNULL = YES;
				CLANG_ANALYZER_NUMBER_OBJECT_CONVERSION = YES_AGGRESSIVE;
				CLANG_CXX_LANGUAGE_STANDARD = "gnu++20";
				CLANG_ENABLE_MODULES = YES;
				CLANG_ENABLE_OBJC_ARC = YES;
				CLANG_ENABLE_OBJC_WEAK = YES;
				CLANG_WARN_BLOCK_CAPTURE_AUTORELEASING = YES;
				CLANG_WARN_BOOL_CONVERSION = YES;
				CLANG_WARN_COMMA = YES;
				CLANG_WARN_CONSTANT_CONVERSION = YES;
				CLANG_WARN_DEPRECATED_OBJC_IMPLEMENTATIONS = YES;
				CLANG_WARN_DIRECT_OBJC_ISA_USAGE = YES_ERROR;
				CLANG_WARN_DOCUMENTATION_COMMENTS = YES;
				CLANG_WARN_EMPTY_BODY = YES;
				CLANG_WARN_ENUM_CONVERSION = YES;
				CLANG_WARN_INFINITE_RECURSION = YES;
				CLANG_WARN_INT_CONVERSION = YES;
				CLANG_WARN_NON_LITERAL_NULL_CONVERSION = YES;
				CLANG_WARN_OBJC_IMPLICIT_RETAIN_SELF = YES;
				CLANG_WARN_OBJC_LITERAL_CONVERSION = YES;
				CLANG_WARN_OBJC_ROOT_CLASS = YES_ERROR;
				CLANG_WARN_QUOTED_INCLUDE_IN_FRAMEWORK_HEADER = YES;
				CLANG_WARN_RANGE_LOOP_ANALYSIS = YES;
				CLANG_WARN_STRICT_PROTOTYPES = YES;
				CLANG_WARN_SUSPICIOUS_MOVE = YES;
				CLANG_WARN_UNGUARDED_AVAILABILITY = YES_AGGRESSIVE;
				CLANG_WARN_UNREACHABLE_CODE = YES;
				CLANG_WARN__DUPLICATE_METHOD_MATCH = YES;
				COPY_PHASE_STRIP = NO;
				DEBUG_INFORMATION_FORMAT = "dwarf-with-dsym";
				ENABLE_NS_ASSERTIONS = NO;
				ENABLE_STRICT_OBJC_MSGSEND = YES;
				ENABLE_USER_SCRIPT_SANDBOXING = YES;
				GCC_C_LANGUAGE_STANDARD = gnu17;
				GCC_NO_COMMON_BLOCKS = YES;
				GCC_WARN_64_TO_32_BIT_CONVERSION = YES;
				GCC_WARN_ABOUT_RETURN_TYPE = YES_ERROR;
				GCC_WARN_UNDECLARED_SELECTOR = YES;
				GCC_WARN_UNINITIALIZED_AUTOS = YES_AGGRESSIVE;
				GCC_WARN_UNUSED_FUNCTION = YES;
				GCC_WARN_UNUSED_VARIABLE = YES;
				LOCALIZATION_PREFERS_STRING_CATALOGS = YES;
				MACOSX_DEPLOYMENT_TARGET = 26.5;
				MTL_ENABLE_DEBUG_INFO = NO;
				MTL_FAST_MATH = YES;
				SDKROOT = macosx;
				SWIFT_COMPILATION_MODE = wholemodule;
			};
			name = Release;
		};
		FD0479A92FE021A500361C0A /* Debug */ = {
			isa = XCBuildConfiguration;
			buildSettings = {
				CODE_SIGN_STYLE = Automatic;
				CURRENT_PROJECT_VERSION = 1;
				DEVELOPMENT_TEAM = "";
				ENABLE_APP_SANDBOX = YES;
				ENABLE_HARDENED_RUNTIME = YES;
				ENABLE_USER_SELECTED_FILES = readonly;
				GENERATE_INFOPLIST_FILE = YES;
				INFOPLIST_FILE = "Pinmark Extension/Info.plist";
				INFOPLIST_KEY_CFBundleDisplayName = "Pinmark Extension";
				INFOPLIST_KEY_NSHumanReadableCopyright = "";
				LD_RUNPATH_SEARCH_PATHS = (
					"$(inherited)",
					"@executable_path/../Frameworks",
					"@executable_path/../../../../Frameworks",
				);
				MACOSX_DEPLOYMENT_TARGET = 10.14;
				MARKETING_VERSION = 1.0;
				OTHER_LDFLAGS = (
					"-framework",
					SafariServices,
				);
				PRODUCT_BUNDLE_IDENTIFIER = com.mculnane.Pinmark.Extension;
				PRODUCT_NAME = "$(TARGET_NAME)";
				SKIP_INSTALL = YES;
				STRING_CATALOG_GENERATE_SYMBOLS = YES;
				SWIFT_APPROACHABLE_CONCURRENCY = YES;
				SWIFT_EMIT_LOC_STRINGS = YES;
				SWIFT_UPCOMING_FEATURE_MEMBER_IMPORT_VISIBILITY = YES;
				SWIFT_VERSION = 5.0;
			};
			name = Debug;
		};
		FD0479AA2FE021A500361C0A /* Release */ = {
			isa = XCBuildConfiguration;
			buildSettings = {
				CODE_SIGN_STYLE = Automatic;
				CURRENT_PROJECT_VERSION = 1;
				DEVELOPMENT_TEAM = "";
				ENABLE_APP_SANDBOX = YES;
				ENABLE_HARDENED_RUNTIME = YES;
				ENABLE_USER_SELECTED_FILES = readonly;
				GENERATE_INFOPLIST_FILE = YES;
				INFOPLIST_FILE = "Pinmark Extension/Info.plist";
				INFOPLIST_KEY_CFBundleDisplayName = "Pinmark Extension";
				INFOPLIST_KEY_NSHumanReadableCopyright = "";
				LD_RUNPATH_SEARCH_PATHS = (
					"$(inherited)",
					"@executable_path/../Frameworks",
					"@executable_path/../../../../Frameworks",
				);
				MACOSX_DEPLOYMENT_TARGET = 10.14;
				MARKETING_VERSION = 1.0;
				OTHER_LDFLAGS = (
					"-framework",
					SafariServices,
				);
				PRODUCT_BUNDLE_IDENTIFIER = com.mculnane.Pinmark.Extension;
				PRODUCT_NAME = "$(TARGET_NAME)";
				SKIP_INSTALL = YES;
				STRING_CATALOG_GENERATE_SYMBOLS = YES;
				SWIFT_APPROACHABLE_CONCURRENCY = YES;
				SWIFT_EMIT_LOC_STRINGS = YES;
				SWIFT_UPCOMING_FEATURE_MEMBER_IMPORT_VISIBILITY = YES;
				SWIFT_VERSION = 5.0;
			};
			name = Release;
		};
		FD0479AD2FE021A500361C0A /* Debug */ = {
			isa = XCBuildConfiguration;
			buildSettings = {
				ASSETCATALOG_COMPILER_APPICON_NAME = AppIcon;
				ASSETCATALOG_COMPILER_GLOBAL_ACCENT_COLOR_NAME = AccentColor;
				CODE_SIGN_STYLE = Automatic;
				COMBINE_HIDPI_IMAGES = YES;
				CURRENT_PROJECT_VERSION = 1;
				DEVELOPMENT_TEAM = "";
				ENABLE_APP_SANDBOX = YES;
				ENABLE_HARDENED_RUNTIME = YES;
				ENABLE_OUTGOING_NETWORK_CONNECTIONS = YES;
				ENABLE_USER_SELECTED_FILES = readonly;
				GENERATE_INFOPLIST_FILE = YES;
				INFOPLIST_FILE = Pinmark/Info.plist;
				INFOPLIST_KEY_CFBundleDisplayName = Pinmark;
				INFOPLIST_KEY_NSHumanReadableCopyright = "";
				INFOPLIST_KEY_NSMainStoryboardFile = Main;
				INFOPLIST_KEY_NSPrincipalClass = NSApplication;
				LD_RUNPATH_SEARCH_PATHS = (
					"$(inherited)",
					"@executable_path/../Frameworks",
				);
				MARKETING_VERSION = 1.0;
				OTHER_LDFLAGS = (
					"-framework",
					SafariServices,
					"-framework",
					WebKit,
				);
				PRODUCT_BUNDLE_IDENTIFIER = com.mculnane.Pinmark;
				PRODUCT_NAME = "$(TARGET_NAME)";
				REGISTER_APP_GROUPS = YES;
				STRING_CATALOG_GENERATE_SYMBOLS = YES;
				SWIFT_APPROACHABLE_CONCURRENCY = YES;
				SWIFT_DEFAULT_ACTOR_ISOLATION = MainActor;
				SWIFT_EMIT_LOC_STRINGS = YES;
				SWIFT_UPCOMING_FEATURE_MEMBER_IMPORT_VISIBILITY = YES;
				SWIFT_VERSION = 5.0;
			};
			name = Debug;
		};
		FD0479AE2FE021A500361C0A /* Release */ = {
			isa = XCBuildConfiguration;
			buildSettings = {
				ASSETCATALOG_COMPILER_APPICON_NAME = AppIcon;
				ASSETCATALOG_COMPILER_GLOBAL_ACCENT_COLOR_NAME = AccentColor;
				CODE_SIGN_STYLE = Automatic;
				COMBINE_HIDPI_IMAGES = YES;
				CURRENT_PROJECT_VERSION = 1;
				DEVELOPMENT_TEAM = "";
				ENABLE_APP_SANDBOX = YES;
				ENABLE_HARDENED_RUNTIME = YES;
				ENABLE_OUTGOING_NETWORK_CONNECTIONS = YES;
				ENABLE_USER_SELECTED_FILES = readonly;
				GENERATE_INFOPLIST_FILE = YES;
				INFOPLIST_FILE = Pinmark/Info.plist;
				INFOPLIST_KEY_CFBundleDisplayName = Pinmark;
				INFOPLIST_KEY_NSHumanReadableCopyright = "";
				INFOPLIST_KEY_NSMainStoryboardFile = Main;
				INFOPLIST_KEY_NSPrincipalClass = NSApplication;
				LD_RUNPATH_SEARCH_PATHS = (
					"$(inherited)",
					"@executable_path/../Frameworks",
				);
				MARKETING_VERSION = 1.0;
				OTHER_LDFLAGS = (
					"-framework",
					SafariServices,
					"-framework",
					WebKit,
				);
				PRODUCT_BUNDLE_IDENTIFIER = com.mculnane.Pinmark;
				PRODUCT_NAME = "$(TARGET_NAME)";
				REGISTER_APP_GROUPS = YES;
				STRING_CATALOG_GENERATE_SYMBOLS = YES;
				SWIFT_APPROACHABLE_CONCURRENCY = YES;
				SWIFT_DEFAULT_ACTOR_ISOLATION = MainActor;
				SWIFT_EMIT_LOC_STRINGS = YES;
				SWIFT_UPCOMING_FEATURE_MEMBER_IMPORT_VISIBILITY = YES;
				SWIFT_VERSION = 5.0;
			};
			name = Release;
		};
/* End XCBuildConfiguration section */

/* Begin XCConfigurationList section */
		FD04797E2FE021A500361C0A /* Build configuration list for PBXProject "Pinmark" */ = {
			isa = XCConfigurationList;
			buildConfigurations = (
				FD0479A62FE021A500361C0A /* Debug */,
				FD0479A72FE021A500361C0A /* Release */,
			);
			defaultConfigurationIsVisible = 0;
			defaultConfigurationName = Release;
		};
		FD0479A82FE021A500361C0A /* Build configuration list for PBXNativeTarget "Pinmark Extension" */ = {
			isa = XCConfigurationList;
			buildConfigurations = (
				FD0479A92FE021A500361C0A /* Debug */,
				FD0479AA2FE021A500361C0A /* Release */,
			);
			defaultConfigurationIsVisible = 0;
			defaultConfigurationName = Release;
		};
		FD0479AC2FE021A500361C0A /* Build configuration list for PBXNativeTarget "Pinmark" */ = {
			isa = XCConfigurationList;
			buildConfigurations = (
				FD0479AD2FE021A500361C0A /* Debug */,
				FD0479AE2FE021A500361C0A /* Release */,
			);
			defaultConfigurationIsVisible = 0;
			defaultConfigurationName = Release;
		};
/* End XCConfigurationList section */
	};
	rootObject = FD04797B2FE021A500361C0A /* Project object */;
}
